{
  "version": 4,
  "terraform_version": "1.2.9",
  "serial": 9,
  "lineage": "a0a43852-0f5c-6f8f-db57-8964c4dae066",
  "outputs": {},
  "resources": [
    {
      "mode": "managed",
      "type": "aws_instance",
      "name": "example",
      "provider": "provider[\"registry.terraform.io/hashicorp/aws\"]",
      "instances": [
        {
          "status": "tainted",
          "schema_version": 1,
          "attributes": {
            "ami": "ami-052efd3df9dad4825",
            "arn": "arn:aws:ec2:us-east-1:937757783701:instance/i-0124e82d3649cb7bf",
            "associate_public_ip_address": true,
            "availability_zone": "us-east-1c",
            "capacity_reservation_specification": [
              {
                "capacity_reservation_preference": "open",
                "capacity_reservation_target": []
              }
            ],
            "cpu_core_count": 1,
            "cpu_threads_per_core": 1,
            "credit_specification": [
              {
                "cpu_credits": "standard"
              }
            ],
            "disable_api_stop": false,
            "disable_api_termination": false,
            "ebs_block_device": [],
            "ebs_optimized": false,
            "enclave_options": [
              {
                "enabled": false
              }
            ],
            "ephemeral_block_device": [],
            "get_password_data": false,
            "hibernation": false,
            "host_id": null,
            "host_resource_group_arn": null,
            "iam_instance_profile": "",
            "id": "i-0124e82d3649cb7bf",
            "instance_initiated_shutdown_behavior": "stop",
            "instance_state": "running",
            "instance_type": "t2.micro",
            "ipv6_address_count": 0,
            "ipv6_addresses": [],
            "key_name": "mykey",
            "launch_template": [],
            "maintenance_options": [
              {
                "auto_recovery": "default"
              }
            ],
            "metadata_options": [
              {
                "http_endpoint": "enabled",
                "http_put_response_hop_limit": 1,
                "http_tokens": "optional",
                "instance_metadata_tags": "disabled"
              }
            ],
            "monitoring": false,
            "network_interface": [],
            "outpost_arn": "",
            "password_data": "",
            "placement_group": "",
            "placement_partition_number": null,
            "primary_network_interface_id": "eni-0894d954c927fdb63",
            "private_dns": "ip-172-31-31-130.ec2.internal",
            "private_dns_name_options": [
              {
                "enable_resource_name_dns_a_record": false,
                "enable_resource_name_dns_aaaa_record": false,
                "hostname_type": "ip-name"
              }
            ],
            "private_ip": "172.31.31.130",
            "public_dns": "ec2-52-91-53-208.compute-1.amazonaws.com",
            "public_ip": "52.91.53.208",
            "root_block_device": [
              {
                "delete_on_termination": true,
                "device_name": "/dev/sda1",
                "encrypted": false,
                "iops": 100,
                "kms_key_id": "",
                "tags": {},
                "throughput": 0,
                "volume_id": "vol-0a0ffaaa19db128ec",
                "volume_size": 8,
                "volume_type": "gp2"
              }
            ],
            "secondary_private_ips": [],
            "security_groups": [
              "default"
            ],
            "source_dest_check": true,
            "subnet_id": "subnet-00d529d91d2f5b94c",
            "tags": null,
            "tags_all": {},
            "tenancy": "default",
            "timeouts": null,
            "user_data": null,
            "user_data_base64": null,
            "user_data_replace_on_change": false,
            "volume_tags": null,
            "vpc_security_group_ids": [
              "sg-0c98c594046b0de33"
            ]
          },
          "sensitive_attributes": [],
          "private": "eyJlMmJmYjczMC1lY2FhLTExZTYtOGY4OC0zNDM2M2JjN2M0YzAiOnsiY3JlYXRlIjo2MDAwMDAwMDAwMDAsImRlbGV0ZSI6MTIwMDAwMDAwMDAwMCwidXBkYXRlIjo2MDAwMDAwMDAwMDB9LCJzY2hlbWFfdmVyc2lvbiI6IjEifQ==",
          "dependencies": [
            "aws_key_pair.mykey"
          ]
        }
      ]
    },
    {
      "mode": "managed",
      "type": "aws_key_pair",
      "name": "mykey",
      "provider": "provider[\"registry.terraform.io/hashicorp/aws\"]",
      "instances": [
        {
          "schema_version": 1,
          "attributes": {
            "arn": "arn:aws:ec2:us-east-1:937757783701:key-pair/mykey",
            "fingerprint": "91:a9:e0:ab:83:03:4e:ba:42:3e:e6:31:0c:8e:4e:f5",
            "id": "mykey",
            "key_name": "mykey",
            "key_name_prefix": "",
            "key_pair_id": "key-0c70c408d447543b8",
            "key_type": "rsa",
            "public_key": "ssh-rsa AAAAB3NzaC1yc2EAAAADAQABAAABgQDWWuC8fT5aZyBhc4rG2VqNxGjQXSr7MmPbw9wUas3rkPq9LyS8mqfSF3f33HGUHnYXKHGIrx9h7U/pEeTEGFjkvq7b0dLDwN5PdLJ0u8xJjrNhif+fCDZLk/VJV+rXKf4lZBEVR5BJKGitHRNcrf1VKb75ZWpS4+Vrst7B4JsEedRPdtEO8luBp56vPPHJGwxdgsU1g6jDtBxlkfpUAsn3XajLiFEPWzg5m2u6gOWFjDtwsfC2T/L/WABPR5HaltTrNlFvN+avAOWnsnHVUAeMH6gXVfYUk8cvCRMo7mFXHab2kdwJn/spBM5aGyF4MiSSb6aMF246EhfVci72fG70VGdIWXnFE1FTmmZFjr5nJAUVhzrtirFqqiAcK230KnqDaBtC/3j2qGdVNg10olWpxRtasEm4iNy0L5cpruEK2pE+toRgi5WRJpz6vhxhWzodKHGDKyNyILfbR7R4SGd4cXseevTQ69b88y0aY7piq5qrWpJHSU47BrA4ay/mMbk= ll\\preg@WKWZTJycCLnYTpa",
            "tags": null,
            "tags_all": {}
          },
          "sensitive_attributes": [],
          "private": "eyJzY2hlbWFfdmVyc2lvbiI6IjEifQ=="
        }
      ]
    }
  ]
}
